// !$*UTF8*$!
{
	archiveVersion = 1;
	classes = {
	};
	objectVersion = 51;
	objects = {

/* Begin PBXBuildFile section */
		030CB98F22D814CE0056D36D /* DetailInformationTableViewCell.swift in Sources */ = {isa = PBXBuildFile; fileRef = 030CB98E22D814CE0056D36D /* DetailInformationTableViewCell.swift */; };
		030CB99122D822860056D36D /* RecipeRowTableViewCell.swift in Sources */ = {isa = PBXBuildFile; fileRef = 030CB99022D822860056D36D /* RecipeRowTableViewCell.swift */; };
		031A231B230FE68600F26460 /* GradientView.swift in Sources */ = {isa = PBXBuildFile; fileRef = 031A231A230FE68600F26460 /* GradientView.swift */; };
		03739181231CB5CE004639C9 /* LanguageManger.swift in Sources */ = {isa = PBXBuildFile; fileRef = 03739180231CB5CE004639C9 /* LanguageManger.swift */; };
		03739183231CC059004639C9 /* String.swift in Sources */ = {isa = PBXBuildFile; fileRef = 03739182231CC059004639C9 /* String.swift */; };
		03739186231CC0DA004639C9 /* Localizable.strings in Resources */ = {isa = PBXBuildFile; fileRef = 03739188231CC0DA004639C9 /* Localizable.strings */; };
		03DA0B7322D88605002B600E /* Athelas-BoldItalic.ttf in Resources */ = {isa = PBXBuildFile; fileRef = 03DA0B6B22D88605002B600E /* Athelas-BoldItalic.ttf */; };
		03DA0B7422D88605002B600E /* Athelas-Regular.ttf in Resources */ = {isa = PBXBuildFile; fileRef = 03DA0B6C22D88605002B600E /* Athelas-Regular.ttf */; };
		03DA0B7522D88605002B600E /* NanumBarunGothicUltraLight.otf in Resources */ = {isa = PBXBuildFile; fileRef = 03DA0B6D22D88605002B600E /* NanumBarunGothicUltraLight.otf */; };
		03DA0B7622D88605002B600E /* NanumBarunGothicBold.otf in Resources */ = {isa = PBXBuildFile; fileRef = 03DA0B6E22D88605002B600E /* NanumBarunGothicBold.otf */; };
		03DA0B7722D88605002B600E /* NanumBarunGothic.otf in Resources */ = {isa = PBXBuildFile; fileRef = 03DA0B6F22D88605002B600E /* NanumBarunGothic.otf */; };
		03DA0B7822D88605002B600E /* Athelas-Italic.ttf in Resources */ = {isa = PBXBuildFile; fileRef = 03DA0B7022D88605002B600E /* Athelas-Italic.ttf */; };
		03DA0B7922D88605002B600E /* Athelas-Bold.ttf in Resources */ = {isa = PBXBuildFile; fileRef = 03DA0B7122D88605002B600E /* Athelas-Bold.ttf */; };
		03DA0B7A22D88605002B600E /* NanumBarunGothicLight.otf in Resources */ = {isa = PBXBuildFile; fileRef = 03DA0B7222D88605002B600E /* NanumBarunGothicLight.otf */; };
		03DA0B7C22D887F7002B600E /* Color.xcassets in Resources */ = {isa = PBXBuildFile; fileRef = 03DA0B7B22D887F7002B600E /* Color.xcassets */; };
		26971F65362748B63E2D8E44 /* Pods_allnight_ios.framework in Frameworks */ = {isa = PBXBuildFile; fileRef = 5F8F536EE8E4D5561F50F69C /* Pods_allnight_ios.framework */; };
		6869132A5DB650F50E77BB42 /* Pods_allnight_iosTests.framework in Frameworks */ = {isa = PBXBuildFile; fileRef = FF28106249DFFC7BF9C21C5E /* Pods_allnight_iosTests.framework */; };
		88113EBB23097BF8000C37BA /* SearchBucketTableViewCell.swift in Sources */ = {isa = PBXBuildFile; fileRef = 88113EBA23097BF8000C37BA /* SearchBucketTableViewCell.swift */; };
		88113EC3230A7FFB000C37BA /* SearchBucketViewController.swift in Sources */ = {isa = PBXBuildFile; fileRef = 88113EC2230A7FFB000C37BA /* SearchBucketViewController.swift */; };
		88113EC6230A8A60000C37BA /* CocktailManager.swift in Sources */ = {isa = PBXBuildFile; fileRef = 88113EC5230A8A60000C37BA /* CocktailManager.swift */; };
		88321639230671EB0057232A /* AllNightProvider.swift in Sources */ = {isa = PBXBuildFile; fileRef = 88321638230671EB0057232A /* AllNightProvider.swift */; };
		8884B2F622D83F1A000276BB /* SideMenuViewController.swift in Sources */ = {isa = PBXBuildFile; fileRef = 8884B2F522D83F1A000276BB /* SideMenuViewController.swift */; };
		8884B2F822D843EE000276BB /* SideMenuTableViewCell.swift in Sources */ = {isa = PBXBuildFile; fileRef = 8884B2F722D843EE000276BB /* SideMenuTableViewCell.swift */; };
		8884B2FA22D849FE000276BB /* SlideInTransition.swift in Sources */ = {isa = PBXBuildFile; fileRef = 8884B2F922D849FE000276BB /* SlideInTransition.swift */; };
		8892846623059AB500B8FBDF /* MainCollectionReusableHeaderView.swift in Sources */ = {isa = PBXBuildFile; fileRef = 8892846423059AB500B8FBDF /* MainCollectionReusableHeaderView.swift */; };
		889284692305BF9E00B8FBDF /* SearchViewController.swift in Sources */ = {isa = PBXBuildFile; fileRef = 889284682305BF9E00B8FBDF /* SearchViewController.swift */; };
		8892846F2305CFDA00B8FBDF /* SearchTableViewCell.swift in Sources */ = {isa = PBXBuildFile; fileRef = 8892846E2305CFDA00B8FBDF /* SearchTableViewCell.swift */; };
		88F5F91722D3184F00A1ADEA /* MainCollectionViewCell.swift in Sources */ = {isa = PBXBuildFile; fileRef = 88F5F91622D3184F00A1ADEA /* MainCollectionViewCell.swift */; };
		BA279DBB22C77C8C004CA0F6 /* MainViewController.swift in Sources */ = {isa = PBXBuildFile; fileRef = BA279DBA22C77C8C004CA0F6 /* MainViewController.swift */; };
		BA279DBD22C77CB9004CA0F6 /* MixRecipeViewController.swift in Sources */ = {isa = PBXBuildFile; fileRef = BA279DBC22C77CB9004CA0F6 /* MixRecipeViewController.swift */; };
		BA279DC522C77D2C004CA0F6 /* RecipeViewController.swift in Sources */ = {isa = PBXBuildFile; fileRef = BA279DC422C77D2C004CA0F6 /* RecipeViewController.swift */; };
		BA279DCC22C78611004CA0F6 /* Recipe.swift in Sources */ = {isa = PBXBuildFile; fileRef = BA279DCB22C78611004CA0F6 /* Recipe.swift */; };
		BA279DD022C7866B004CA0F6 /* UITableView+reusableCell.swift in Sources */ = {isa = PBXBuildFile; fileRef = BA279DCF22C7866B004CA0F6 /* UITableView+reusableCell.swift */; };
		BA279DD222C78773004CA0F6 /* UICollectionView+reusableCell.swift in Sources */ = {isa = PBXBuildFile; fileRef = BA279DD122C78773004CA0F6 /* UICollectionView+reusableCell.swift */; };
		BA96F3E922CFA23400AC27CC /* AllNightAPI.swift in Sources */ = {isa = PBXBuildFile; fileRef = BA96F3E822CFA23400AC27CC /* AllNightAPI.swift */; };
		BA96F3EB22CFABC400AC27CC /* SearchService.swift in Sources */ = {isa = PBXBuildFile; fileRef = BA96F3EA22CFABC400AC27CC /* SearchService.swift */; };
		BA96F3ED22CFABCE00AC27CC /* ScrapService.swift in Sources */ = {isa = PBXBuildFile; fileRef = BA96F3EC22CFABCE00AC27CC /* ScrapService.swift */; };
		BA96F3EF22CFB3B400AC27CC /* Moya+Decode.swift in Sources */ = {isa = PBXBuildFile; fileRef = BA96F3EE22CFB3B400AC27CC /* Moya+Decode.swift */; };
		BA96F3F122CFB68100AC27CC /* Cocktail.swift in Sources */ = {isa = PBXBuildFile; fileRef = BA96F3F022CFB68100AC27CC /* Cocktail.swift */; };
		BA9932F122C7CC5500E4BFA8 /* UIColor+AllNight.swift in Sources */ = {isa = PBXBuildFile; fileRef = BA9932F022C7CC5500E4BFA8 /* UIColor+AllNight.swift */; };
		BAE900CA22E2C16400B30C77 /* CocktailDetail.swift in Sources */ = {isa = PBXBuildFile; fileRef = BAE900C922E2C16400B30C77 /* CocktailDetail.swift */; };
		BAF5310D22C74790005809C3 /* AppDelegate.swift in Sources */ = {isa = PBXBuildFile; fileRef = BAF5310C22C74790005809C3 /* AppDelegate.swift */; };
		BAF5311422C74791005809C3 /* Assets.xcassets in Resources */ = {isa = PBXBuildFile; fileRef = BAF5311322C74791005809C3 /* Assets.xcassets */; };
		BAF5311722C74791005809C3 /* LaunchScreen.storyboard in Resources */ = {isa = PBXBuildFile; fileRef = BAF5311522C74791005809C3 /* LaunchScreen.storyboard */; };
		BAF5313122C74D2A005809C3 /* Networking.swift in Sources */ = {isa = PBXBuildFile; fileRef = BAF5313022C74D2A005809C3 /* Networking.swift */; };
		BAF5313322C754AE005809C3 /* main.swift in Sources */ = {isa = PBXBuildFile; fileRef = BAF5313222C754AE005809C3 /* main.swift */; };
		BAF5313522C754F5005809C3 /* StubAppDelegate.swift in Sources */ = {isa = PBXBuildFile; fileRef = BAF5313422C754F5005809C3 /* StubAppDelegate.swift */; };
		BEA241C622E3FE0A002F53B8 /* RecipeCollectionViewCell.swift in Sources */ = {isa = PBXBuildFile; fileRef = BEA241C522E3FE0A002F53B8 /* RecipeCollectionViewCell.swift */; };
		BEA241C822E41350002F53B8 /* FilterPopupView.swift in Sources */ = {isa = PBXBuildFile; fileRef = BEA241C722E41350002F53B8 /* FilterPopupView.swift */; };
		BEA241CA22E42768002F53B8 /* RadioButton.swift in Sources */ = {isa = PBXBuildFile; fileRef = BEA241C922E42768002F53B8 /* RadioButton.swift */; };
		BEC0B073230DE9B300975DD1 /* MixRecipeCollectionViewLayoutLookUpTable.swift in Sources */ = {isa = PBXBuildFile; fileRef = BEC0B072230DE9B300975DD1 /* MixRecipeCollectionViewLayoutLookUpTable.swift */; };
		BEC0B075230DEC0600975DD1 /* MixRecipeViewConfig.swift in Sources */ = {isa = PBXBuildFile; fileRef = BEC0B074230DEC0600975DD1 /* MixRecipeViewConfig.swift */; };
		EF432FB622C79EF900786CFD /* Recipe.storyboard in Resources */ = {isa = PBXBuildFile; fileRef = EF432FB522C79EF900786CFD /* Recipe.storyboard */; };
		EF432FB822C79F0700786CFD /* Main.storyboard in Resources */ = {isa = PBXBuildFile; fileRef = EF432FB722C79F0700786CFD /* Main.storyboard */; };
		EF432FBA22C79F3500786CFD /* MixRecipe.storyboard in Resources */ = {isa = PBXBuildFile; fileRef = EF432FB922C79F3500786CFD /* MixRecipe.storyboard */; };
/* End PBXBuildFile section */

/* Begin PBXContainerItemProxy section */
		BAF5311E22C74791005809C3 /* PBXContainerItemProxy */ = {
			isa = PBXContainerItemProxy;
			containerPortal = BAF5310122C74790005809C3 /* Project object */;
			proxyType = 1;
			remoteGlobalIDString = BAF5310822C74790005809C3;
			remoteInfo = "allnight-ios";
		};
/* End PBXContainerItemProxy section */

/* Begin PBXFileReference section */
		030CB98E22D814CE0056D36D /* DetailInformationTableViewCell.swift */ = {isa = PBXFileReference; lastKnownFileType = sourcecode.swift; path = DetailInformationTableViewCell.swift; sourceTree = "<group>"; };
		030CB99022D822860056D36D /* RecipeRowTableViewCell.swift */ = {isa = PBXFileReference; lastKnownFileType = sourcecode.swift; path = RecipeRowTableViewCell.swift; sourceTree = "<group>"; };
		031A231A230FE68600F26460 /* GradientView.swift */ = {isa = PBXFileReference; fileEncoding = 4; lastKnownFileType = sourcecode.swift; path = GradientView.swift; sourceTree = "<group>"; };
		03739180231CB5CE004639C9 /* LanguageManger.swift */ = {isa = PBXFileReference; lastKnownFileType = sourcecode.swift; path = LanguageManger.swift; sourceTree = "<group>"; };
		03739182231CC059004639C9 /* String.swift */ = {isa = PBXFileReference; lastKnownFileType = sourcecode.swift; path = String.swift; sourceTree = "<group>"; };
		03739187231CC0DA004639C9 /* en */ = {isa = PBXFileReference; lastKnownFileType = text.plist.strings; name = en; path = en.lproj/Localizable.strings; sourceTree = "<group>"; };
		03739189231CC117004639C9 /* ko */ = {isa = PBXFileReference; lastKnownFileType = text.plist.strings; name = ko; path = ko.lproj/LaunchScreen.strings; sourceTree = "<group>"; };
		0373918A231CC117004639C9 /* ko */ = {isa = PBXFileReference; lastKnownFileType = text.plist.strings; name = ko; path = ko.lproj/Localizable.strings; sourceTree = "<group>"; };
		03DA0B6B22D88605002B600E /* Athelas-BoldItalic.ttf */ = {isa = PBXFileReference; lastKnownFileType = file; path = "Athelas-BoldItalic.ttf"; sourceTree = "<group>"; };
		03DA0B6C22D88605002B600E /* Athelas-Regular.ttf */ = {isa = PBXFileReference; lastKnownFileType = file; path = "Athelas-Regular.ttf"; sourceTree = "<group>"; };
		03DA0B6D22D88605002B600E /* NanumBarunGothicUltraLight.otf */ = {isa = PBXFileReference; lastKnownFileType = file; path = NanumBarunGothicUltraLight.otf; sourceTree = "<group>"; };
		03DA0B6E22D88605002B600E /* NanumBarunGothicBold.otf */ = {isa = PBXFileReference; lastKnownFileType = file; path = NanumBarunGothicBold.otf; sourceTree = "<group>"; };
		03DA0B6F22D88605002B600E /* NanumBarunGothic.otf */ = {isa = PBXFileReference; lastKnownFileType = file; path = NanumBarunGothic.otf; sourceTree = "<group>"; };
		03DA0B7022D88605002B600E /* Athelas-Italic.ttf */ = {isa = PBXFileReference; lastKnownFileType = file; path = "Athelas-Italic.ttf"; sourceTree = "<group>"; };
		03DA0B7122D88605002B600E /* Athelas-Bold.ttf */ = {isa = PBXFileReference; lastKnownFileType = file; path = "Athelas-Bold.ttf"; sourceTree = "<group>"; };
		03DA0B7222D88605002B600E /* NanumBarunGothicLight.otf */ = {isa = PBXFileReference; lastKnownFileType = file; path = NanumBarunGothicLight.otf; sourceTree = "<group>"; };
		03DA0B7B22D887F7002B600E /* Color.xcassets */ = {isa = PBXFileReference; lastKnownFileType = folder.assetcatalog; path = Color.xcassets; sourceTree = "<group>"; };
		5F8F536EE8E4D5561F50F69C /* Pods_allnight_ios.framework */ = {isa = PBXFileReference; explicitFileType = wrapper.framework; includeInIndex = 0; path = Pods_allnight_ios.framework; sourceTree = BUILT_PRODUCTS_DIR; };
		664333E9A67EAADDFF17CFBF /* Pods-allnight-iosTests.release.xcconfig */ = {isa = PBXFileReference; includeInIndex = 1; lastKnownFileType = text.xcconfig; name = "Pods-allnight-iosTests.release.xcconfig"; path = "Target Support Files/Pods-allnight-iosTests/Pods-allnight-iosTests.release.xcconfig"; sourceTree = "<group>"; };
		88113EBA23097BF8000C37BA /* SearchBucketTableViewCell.swift */ = {isa = PBXFileReference; lastKnownFileType = sourcecode.swift; path = SearchBucketTableViewCell.swift; sourceTree = "<group>"; };
		88113EC2230A7FFB000C37BA /* SearchBucketViewController.swift */ = {isa = PBXFileReference; lastKnownFileType = sourcecode.swift; path = SearchBucketViewController.swift; sourceTree = "<group>"; };
		88113EC5230A8A60000C37BA /* CocktailManager.swift */ = {isa = PBXFileReference; lastKnownFileType = sourcecode.swift; path = CocktailManager.swift; sourceTree = "<group>"; };
		88321638230671EB0057232A /* AllNightProvider.swift */ = {isa = PBXFileReference; lastKnownFileType = sourcecode.swift; path = AllNightProvider.swift; sourceTree = "<group>"; };
		8884B2F522D83F1A000276BB /* SideMenuViewController.swift */ = {isa = PBXFileReference; lastKnownFileType = sourcecode.swift; path = SideMenuViewController.swift; sourceTree = "<group>"; };
		8884B2F722D843EE000276BB /* SideMenuTableViewCell.swift */ = {isa = PBXFileReference; lastKnownFileType = sourcecode.swift; path = SideMenuTableViewCell.swift; sourceTree = "<group>"; };
		8884B2F922D849FE000276BB /* SlideInTransition.swift */ = {isa = PBXFileReference; lastKnownFileType = sourcecode.swift; path = SlideInTransition.swift; sourceTree = "<group>"; };
		8892846423059AB500B8FBDF /* MainCollectionReusableHeaderView.swift */ = {isa = PBXFileReference; lastKnownFileType = sourcecode.swift; path = MainCollectionReusableHeaderView.swift; sourceTree = "<group>"; };
		889284682305BF9E00B8FBDF /* SearchViewController.swift */ = {isa = PBXFileReference; lastKnownFileType = sourcecode.swift; path = SearchViewController.swift; sourceTree = "<group>"; };
		8892846E2305CFDA00B8FBDF /* SearchTableViewCell.swift */ = {isa = PBXFileReference; lastKnownFileType = sourcecode.swift; path = SearchTableViewCell.swift; sourceTree = "<group>"; };
		88F5F91622D3184F00A1ADEA /* MainCollectionViewCell.swift */ = {isa = PBXFileReference; lastKnownFileType = sourcecode.swift; path = MainCollectionViewCell.swift; sourceTree = "<group>"; };
		9863CC7D48E4882F0937B556 /* Pods-allnight-ios.debug.xcconfig */ = {isa = PBXFileReference; includeInIndex = 1; lastKnownFileType = text.xcconfig; name = "Pods-allnight-ios.debug.xcconfig"; path = "Target Support Files/Pods-allnight-ios/Pods-allnight-ios.debug.xcconfig"; sourceTree = "<group>"; };
		B769DC6C116C639C0398BEA7 /* Pods-allnight-iosTests.debug.xcconfig */ = {isa = PBXFileReference; includeInIndex = 1; lastKnownFileType = text.xcconfig; name = "Pods-allnight-iosTests.debug.xcconfig"; path = "Target Support Files/Pods-allnight-iosTests/Pods-allnight-iosTests.debug.xcconfig"; sourceTree = "<group>"; };
		BA279DBA22C77C8C004CA0F6 /* MainViewController.swift */ = {isa = PBXFileReference; lastKnownFileType = sourcecode.swift; path = MainViewController.swift; sourceTree = "<group>"; };
		BA279DBC22C77CB9004CA0F6 /* MixRecipeViewController.swift */ = {isa = PBXFileReference; lastKnownFileType = sourcecode.swift; path = MixRecipeViewController.swift; sourceTree = "<group>"; };
		BA279DC422C77D2C004CA0F6 /* RecipeViewController.swift */ = {isa = PBXFileReference; lastKnownFileType = sourcecode.swift; path = RecipeViewController.swift; sourceTree = "<group>"; };
		BA279DCB22C78611004CA0F6 /* Recipe.swift */ = {isa = PBXFileReference; lastKnownFileType = sourcecode.swift; path = Recipe.swift; sourceTree = "<group>"; };
		BA279DCF22C7866B004CA0F6 /* UITableView+reusableCell.swift */ = {isa = PBXFileReference; lastKnownFileType = sourcecode.swift; path = "UITableView+reusableCell.swift"; sourceTree = "<group>"; };
		BA279DD122C78773004CA0F6 /* UICollectionView+reusableCell.swift */ = {isa = PBXFileReference; lastKnownFileType = sourcecode.swift; path = "UICollectionView+reusableCell.swift"; sourceTree = "<group>"; };
		BA96F3E822CFA23400AC27CC /* AllNightAPI.swift */ = {isa = PBXFileReference; lastKnownFileType = sourcecode.swift; path = AllNightAPI.swift; sourceTree = "<group>"; };
		BA96F3EA22CFABC400AC27CC /* SearchService.swift */ = {isa = PBXFileReference; lastKnownFileType = sourcecode.swift; path = SearchService.swift; sourceTree = "<group>"; };
		BA96F3EC22CFABCE00AC27CC /* ScrapService.swift */ = {isa = PBXFileReference; lastKnownFileType = sourcecode.swift; path = ScrapService.swift; sourceTree = "<group>"; };
		BA96F3EE22CFB3B400AC27CC /* Moya+Decode.swift */ = {isa = PBXFileReference; lastKnownFileType = sourcecode.swift; path = "Moya+Decode.swift"; sourceTree = "<group>"; };
		BA96F3F022CFB68100AC27CC /* Cocktail.swift */ = {isa = PBXFileReference; lastKnownFileType = sourcecode.swift; path = Cocktail.swift; sourceTree = "<group>"; };
		BA9932F022C7CC5500E4BFA8 /* UIColor+AllNight.swift */ = {isa = PBXFileReference; lastKnownFileType = sourcecode.swift; path = "UIColor+AllNight.swift"; sourceTree = "<group>"; };
		BAE900C922E2C16400B30C77 /* CocktailDetail.swift */ = {isa = PBXFileReference; lastKnownFileType = sourcecode.swift; path = CocktailDetail.swift; sourceTree = "<group>"; };
		BAF5310922C74790005809C3 /* allnight-ios.app */ = {isa = PBXFileReference; explicitFileType = wrapper.application; includeInIndex = 0; path = "allnight-ios.app"; sourceTree = BUILT_PRODUCTS_DIR; };
		BAF5310C22C74790005809C3 /* AppDelegate.swift */ = {isa = PBXFileReference; lastKnownFileType = sourcecode.swift; path = AppDelegate.swift; sourceTree = "<group>"; };
		BAF5311322C74791005809C3 /* Assets.xcassets */ = {isa = PBXFileReference; lastKnownFileType = folder.assetcatalog; path = Assets.xcassets; sourceTree = "<group>"; };
		BAF5311622C74791005809C3 /* Base */ = {isa = PBXFileReference; lastKnownFileType = file.storyboard; name = Base; path = Base.lproj/LaunchScreen.storyboard; sourceTree = "<group>"; };
		BAF5311822C74791005809C3 /* Info.plist */ = {isa = PBXFileReference; lastKnownFileType = text.plist.xml; path = Info.plist; sourceTree = "<group>"; };
		BAF5311D22C74791005809C3 /* allnight-iosTests.xctest */ = {isa = PBXFileReference; explicitFileType = wrapper.cfbundle; includeInIndex = 0; path = "allnight-iosTests.xctest"; sourceTree = BUILT_PRODUCTS_DIR; };
		BAF5312322C74791005809C3 /* Info.plist */ = {isa = PBXFileReference; lastKnownFileType = text.plist.xml; path = Info.plist; sourceTree = "<group>"; };
		BAF5313022C74D2A005809C3 /* Networking.swift */ = {isa = PBXFileReference; lastKnownFileType = sourcecode.swift; path = Networking.swift; sourceTree = "<group>"; };
		BAF5313222C754AE005809C3 /* main.swift */ = {isa = PBXFileReference; lastKnownFileType = sourcecode.swift; path = main.swift; sourceTree = "<group>"; };
		BAF5313422C754F5005809C3 /* StubAppDelegate.swift */ = {isa = PBXFileReference; lastKnownFileType = sourcecode.swift; path = StubAppDelegate.swift; sourceTree = "<group>"; };
		BE279015230FD3EE006FE094 /* GradientView.swift */ = {isa = PBXFileReference; lastKnownFileType = sourcecode.swift; path = GradientView.swift; sourceTree = "<group>"; };
		BEA241C522E3FE0A002F53B8 /* RecipeCollectionViewCell.swift */ = {isa = PBXFileReference; lastKnownFileType = sourcecode.swift; path = RecipeCollectionViewCell.swift; sourceTree = "<group>"; };
		BEA241C722E41350002F53B8 /* FilterPopupView.swift */ = {isa = PBXFileReference; lastKnownFileType = sourcecode.swift; path = FilterPopupView.swift; sourceTree = "<group>"; };
		BEA241C922E42768002F53B8 /* RadioButton.swift */ = {isa = PBXFileReference; lastKnownFileType = sourcecode.swift; path = RadioButton.swift; sourceTree = "<group>"; };
		BEC0B072230DE9B300975DD1 /* MixRecipeCollectionViewLayoutLookUpTable.swift */ = {isa = PBXFileReference; lastKnownFileType = sourcecode.swift; path = MixRecipeCollectionViewLayoutLookUpTable.swift; sourceTree = "<group>"; };
		BEC0B074230DEC0600975DD1 /* MixRecipeViewConfig.swift */ = {isa = PBXFileReference; lastKnownFileType = sourcecode.swift; path = MixRecipeViewConfig.swift; sourceTree = "<group>"; };
		D5551A6BDE1AECA521612616 /* Pods-allnight-ios.release.xcconfig */ = {isa = PBXFileReference; includeInIndex = 1; lastKnownFileType = text.xcconfig; name = "Pods-allnight-ios.release.xcconfig"; path = "Target Support Files/Pods-allnight-ios/Pods-allnight-ios.release.xcconfig"; sourceTree = "<group>"; };
		EF432FB522C79EF900786CFD /* Recipe.storyboard */ = {isa = PBXFileReference; lastKnownFileType = file.storyboard; path = Recipe.storyboard; sourceTree = "<group>"; };
		EF432FB722C79F0700786CFD /* Main.storyboard */ = {isa = PBXFileReference; lastKnownFileType = file.storyboard; path = Main.storyboard; sourceTree = "<group>"; };
		EF432FB922C79F3500786CFD /* MixRecipe.storyboard */ = {isa = PBXFileReference; lastKnownFileType = file.storyboard; path = MixRecipe.storyboard; sourceTree = "<group>"; };
		FF28106249DFFC7BF9C21C5E /* Pods_allnight_iosTests.framework */ = {isa = PBXFileReference; explicitFileType = wrapper.framework; includeInIndex = 0; path = Pods_allnight_iosTests.framework; sourceTree = BUILT_PRODUCTS_DIR; };
/* End PBXFileReference section */

/* Begin PBXFrameworksBuildPhase section */
		BAF5310622C74790005809C3 /* Frameworks */ = {
			isa = PBXFrameworksBuildPhase;
			buildActionMask = 2147483647;
			files = (
				26971F65362748B63E2D8E44 /* Pods_allnight_ios.framework in Frameworks */,
			);
			runOnlyForDeploymentPostprocessing = 0;
		};
		BAF5311A22C74791005809C3 /* Frameworks */ = {
			isa = PBXFrameworksBuildPhase;
			buildActionMask = 2147483647;
			files = (
				6869132A5DB650F50E77BB42 /* Pods_allnight_iosTests.framework in Frameworks */,
			);
			runOnlyForDeploymentPostprocessing = 0;
		};
/* End PBXFrameworksBuildPhase section */

/* Begin PBXGroup section */
		03DA0B6A22D88605002B600E /* Fonts */ = {
			isa = PBXGroup;
			children = (
				03DA0B6B22D88605002B600E /* Athelas-BoldItalic.ttf */,
				03DA0B6C22D88605002B600E /* Athelas-Regular.ttf */,
				03DA0B6D22D88605002B600E /* NanumBarunGothicUltraLight.otf */,
				03DA0B6E22D88605002B600E /* NanumBarunGothicBold.otf */,
				03DA0B6F22D88605002B600E /* NanumBarunGothic.otf */,
				03DA0B7022D88605002B600E /* Athelas-Italic.ttf */,
				03DA0B7122D88605002B600E /* Athelas-Bold.ttf */,
				03DA0B7222D88605002B600E /* NanumBarunGothicLight.otf */,
			);
			path = Fonts;
			sourceTree = "<group>";
		};
		65F6CC3AA8AFD5158C7A6F62 /* Frameworks */ = {
			isa = PBXGroup;
			children = (
				5F8F536EE8E4D5561F50F69C /* Pods_allnight_ios.framework */,
				FF28106249DFFC7BF9C21C5E /* Pods_allnight_iosTests.framework */,
			);
			name = Frameworks;
			sourceTree = "<group>";
		};
		7185A1A093E854E1BAD71755 /* Pods */ = {
			isa = PBXGroup;
			children = (
				9863CC7D48E4882F0937B556 /* Pods-allnight-ios.debug.xcconfig */,
				D5551A6BDE1AECA521612616 /* Pods-allnight-ios.release.xcconfig */,
				B769DC6C116C639C0398BEA7 /* Pods-allnight-iosTests.debug.xcconfig */,
				664333E9A67EAADDFF17CFBF /* Pods-allnight-iosTests.release.xcconfig */,
			);
			path = Pods;
			sourceTree = "<group>";
		};
		88A6CFF62394F59E004043ED /* Side Menu Bar */ = {
			isa = PBXGroup;
			children = (
				8884B2F522D83F1A000276BB /* SideMenuViewController.swift */,
				8884B2F722D843EE000276BB /* SideMenuTableViewCell.swift */,
				8884B2F922D849FE000276BB /* SlideInTransition.swift */,
			);
			path = "Side Menu Bar";
			sourceTree = "<group>";
		};
		88A6CFF72394F97F004043ED /* MixSearch */ = {
			isa = PBXGroup;
			children = (
			);
			path = MixSearch;
			sourceTree = "<group>";
		};
		88A6CFF823950176004043ED /* MixSearch */ = {
			isa = PBXGroup;
			children = (
				889284682305BF9E00B8FBDF /* SearchViewController.swift */,
				8892846E2305CFDA00B8FBDF /* SearchTableViewCell.swift */,
				88113EC2230A7FFB000C37BA /* SearchBucketViewController.swift */,
				88113EBA23097BF8000C37BA /* SearchBucketTableViewCell.swift */,
			);
			path = MixSearch;
			sourceTree = "<group>";
		};
		BA279DB322C77B91004CA0F6 /* Domain */ = {
			isa = PBXGroup;
			children = (
				BA279DB922C77C40004CA0F6 /* Recipe */,
				88A6CFF72394F97F004043ED /* MixSearch */,
				BA279DB522C77C05004CA0F6 /* Main */,
				BA279DB822C77C35004CA0F6 /* Mix Recipe */,
			);
			path = Domain;
			sourceTree = "<group>";
		};
		BA279DB522C77C05004CA0F6 /* Main */ = {
			isa = PBXGroup;
			children = (
				EF432FB722C79F0700786CFD /* Main.storyboard */,
				BA279DBA22C77C8C004CA0F6 /* MainViewController.swift */,
				8892846423059AB500B8FBDF /* MainCollectionReusableHeaderView.swift */,
				88F5F91622D3184F00A1ADEA /* MainCollectionViewCell.swift */,
				88A6CFF62394F59E004043ED /* Side Menu Bar */,
				88A6CFF823950176004043ED /* MixSearch */,
			);
			path = Main;
			sourceTree = "<group>";
		};
		BA279DB822C77C35004CA0F6 /* Mix Recipe */ = {
			isa = PBXGroup;
			children = (
				031A231A230FE68600F26460 /* GradientView.swift */,
				BA279DBC22C77CB9004CA0F6 /* MixRecipeViewController.swift */,
				EF432FB922C79F3500786CFD /* MixRecipe.storyboard */,
				BEA241C522E3FE0A002F53B8 /* RecipeCollectionViewCell.swift */,
				BEA241C722E41350002F53B8 /* FilterPopupView.swift */,
				BEA241C922E42768002F53B8 /* RadioButton.swift */,
				BEC0B072230DE9B300975DD1 /* MixRecipeCollectionViewLayoutLookUpTable.swift */,
				BEC0B074230DEC0600975DD1 /* MixRecipeViewConfig.swift */,
				BE279015230FD3EE006FE094 /* GradientView.swift */,
			);
			path = "Mix Recipe";
			sourceTree = "<group>";
		};
		BA279DB922C77C40004CA0F6 /* Recipe */ = {
			isa = PBXGroup;
			children = (
				BA279DC422C77D2C004CA0F6 /* RecipeViewController.swift */,
				EF432FB522C79EF900786CFD /* Recipe.storyboard */,
				030CB98E22D814CE0056D36D /* DetailInformationTableViewCell.swift */,
				030CB99022D822860056D36D /* RecipeRowTableViewCell.swift */,
				03739180231CB5CE004639C9 /* LanguageManger.swift */,
			);
			path = Recipe;
			sourceTree = "<group>";
		};
		BA279DC622C77D53004CA0F6 /* Models */ = {
			isa = PBXGroup;
			children = (
				BA279DCB22C78611004CA0F6 /* Recipe.swift */,
				BA96F3F022CFB68100AC27CC /* Cocktail.swift */,
				BAE900C922E2C16400B30C77 /* CocktailDetail.swift */,
			);
			path = Models;
			sourceTree = "<group>";
		};
		BA279DC722C77D82004CA0F6 /* Services */ = {
			isa = PBXGroup;
			children = (
				BA96F3EA22CFABC400AC27CC /* SearchService.swift */,
				BA96F3EC22CFABCE00AC27CC /* ScrapService.swift */,
			);
			path = Services;
			sourceTree = "<group>";
		};
		BA279DC822C77D94004CA0F6 /* Utils */ = {
			isa = PBXGroup;
			children = (
				88113EC5230A8A60000C37BA /* CocktailManager.swift */,
				BA279DCF22C7866B004CA0F6 /* UITableView+reusableCell.swift */,
				BA279DD122C78773004CA0F6 /* UICollectionView+reusableCell.swift */,
				BA9932F022C7CC5500E4BFA8 /* UIColor+AllNight.swift */,
				BA96F3EE22CFB3B400AC27CC /* Moya+Decode.swift */,
				03739182231CC059004639C9 /* String.swift */,
				03739188231CC0DA004639C9 /* Localizable.strings */,
			);
			path = Utils;
			sourceTree = "<group>";
		};
		BA279DC922C77DBD004CA0F6 /* Entry */ = {
			isa = PBXGroup;
			children = (
				BAF5313222C754AE005809C3 /* main.swift */,
			);
			path = Entry;
			sourceTree = "<group>";
		};
		BAF5310022C74790005809C3 = {
			isa = PBXGroup;
			children = (
				BAF5310B22C74790005809C3 /* allnight-ios */,
				BAF5312022C74791005809C3 /* allnight-iosTests */,
				BAF5310A22C74790005809C3 /* Products */,
				7185A1A093E854E1BAD71755 /* Pods */,
				65F6CC3AA8AFD5158C7A6F62 /* Frameworks */,
			);
			sourceTree = "<group>";
		};
		BAF5310A22C74790005809C3 /* Products */ = {
			isa = PBXGroup;
			children = (
				BAF5310922C74790005809C3 /* allnight-ios.app */,
				BAF5311D22C74791005809C3 /* allnight-iosTests.xctest */,
			);
			name = Products;
			sourceTree = "<group>";
		};
		BAF5310B22C74790005809C3 /* allnight-ios */ = {
			isa = PBXGroup;
			children = (
				BAF5312D22C748D0005809C3 /* Resources */,
				BAF5312C22C748C8005809C3 /* Souces */,
				BAF5312E22C748D5005809C3 /* SupportingFiles */,
			);
			path = "allnight-ios";
			sourceTree = "<group>";
		};
		BAF5312022C74791005809C3 /* allnight-iosTests */ = {
			isa = PBXGroup;
			children = (
				BAF5313722C7553E005809C3 /* SupportingFiles */,
				BAF5313622C75534005809C3 /* Sources */,
			);
			path = "allnight-iosTests";
			sourceTree = "<group>";
		};
		BAF5312C22C748C8005809C3 /* Souces */ = {
			isa = PBXGroup;
			children = (
				BAF5310C22C74790005809C3 /* AppDelegate.swift */,
				BA279DB322C77B91004CA0F6 /* Domain */,
				BA279DC922C77DBD004CA0F6 /* Entry */,
				BA279DC622C77D53004CA0F6 /* Models */,
				BAF5312F22C74D1B005809C3 /* Networking */,
				BA279DC722C77D82004CA0F6 /* Services */,
				BA279DC822C77D94004CA0F6 /* Utils */,
			);
			path = Souces;
			sourceTree = "<group>";
		};
		BAF5312D22C748D0005809C3 /* Resources */ = {
			isa = PBXGroup;
			children = (
				03DA0B6A22D88605002B600E /* Fonts */,
				BAF5311322C74791005809C3 /* Assets.xcassets */,
				BAF5311522C74791005809C3 /* LaunchScreen.storyboard */,
				03DA0B7B22D887F7002B600E /* Color.xcassets */,
			);
			path = Resources;
			sourceTree = "<group>";
		};
		BAF5312E22C748D5005809C3 /* SupportingFiles */ = {
			isa = PBXGroup;
			children = (
				BAF5311822C74791005809C3 /* Info.plist */,
			);
			path = SupportingFiles;
			sourceTree = "<group>";
		};
		BAF5312F22C74D1B005809C3 /* Networking */ = {
			isa = PBXGroup;
			children = (
				BAF5313022C74D2A005809C3 /* Networking.swift */,
				BA96F3E822CFA23400AC27CC /* AllNightAPI.swift */,
				88321638230671EB0057232A /* AllNightProvider.swift */,
			);
			path = Networking;
			sourceTree = "<group>";
		};
		BAF5313622C75534005809C3 /* Sources */ = {
			isa = PBXGroup;
			children = (
				BAF5313422C754F5005809C3 /* StubAppDelegate.swift */,
			);
			path = Sources;
			sourceTree = "<group>";
		};
		BAF5313722C7553E005809C3 /* SupportingFiles */ = {
			isa = PBXGroup;
			children = (
				BAF5312322C74791005809C3 /* Info.plist */,
			);
			path = SupportingFiles;
			sourceTree = "<group>";
		};
/* End PBXGroup section */

/* Begin PBXNativeTarget section */
		BAF5310822C74790005809C3 /* allnight-ios */ = {
			isa = PBXNativeTarget;
			buildConfigurationList = BAF5312622C74791005809C3 /* Build configuration list for PBXNativeTarget "allnight-ios" */;
			buildPhases = (
				1C8682FB91109CE9044CDCE4 /* [CP] Check Pods Manifest.lock */,
				BAF5310522C74790005809C3 /* Sources */,
				BAF5310622C74790005809C3 /* Frameworks */,
				BAF5310722C74790005809C3 /* Resources */,
				A7D4B393C098853D7D577BCA /* [CP] Embed Pods Frameworks */,
			);
			buildRules = (
			);
			dependencies = (
			);
			name = "allnight-ios";
			productName = "allnight-ios";
			productReference = BAF5310922C74790005809C3 /* allnight-ios.app */;
			productType = "com.apple.product-type.application";
		};
		BAF5311C22C74791005809C3 /* allnight-iosTests */ = {
			isa = PBXNativeTarget;
			buildConfigurationList = BAF5312922C74791005809C3 /* Build configuration list for PBXNativeTarget "allnight-iosTests" */;
			buildPhases = (
				61D62BA57E5B4AC190DC0665 /* [CP] Check Pods Manifest.lock */,
				BAF5311922C74791005809C3 /* Sources */,
				BAF5311A22C74791005809C3 /* Frameworks */,
				BAF5311B22C74791005809C3 /* Resources */,
				BA279DCA22C78342004CA0F6 /* SwiftLint */,
			);
			buildRules = (
			);
			dependencies = (
				BAF5311F22C74791005809C3 /* PBXTargetDependency */,
			);
			name = "allnight-iosTests";
			productName = "allnight-iosTests";
			productReference = BAF5311D22C74791005809C3 /* allnight-iosTests.xctest */;
			productType = "com.apple.product-type.bundle.unit-test";
		};
/* End PBXNativeTarget section */

/* Begin PBXProject section */
		BAF5310122C74790005809C3 /* Project object */ = {
			isa = PBXProject;
			attributes = {
				LastSwiftUpdateCheck = 1020;
				LastUpgradeCheck = 1020;
				ORGANIZATIONNAME = kanghoon;
				TargetAttributes = {
					BAF5310822C74790005809C3 = {
						CreatedOnToolsVersion = 10.2.1;
					};
					BAF5311C22C74791005809C3 = {
						CreatedOnToolsVersion = 10.2.1;
						TestTargetID = BAF5310822C74790005809C3;
					};
				};
			};
			buildConfigurationList = BAF5310422C74790005809C3 /* Build configuration list for PBXProject "allnight-ios" */;
			compatibilityVersion = "Xcode 9.3";
			developmentRegion = en;
			hasScannedForEncodings = 0;
			knownRegions = (
				en,
				Base,
				ko,
			);
			mainGroup = BAF5310022C74790005809C3;
			productRefGroup = BAF5310A22C74790005809C3 /* Products */;
			projectDirPath = "";
			projectRoot = "";
			targets = (
				BAF5310822C74790005809C3 /* allnight-ios */,
				BAF5311C22C74791005809C3 /* allnight-iosTests */,
			);
		};
/* End PBXProject section */

/* Begin PBXResourcesBuildPhase section */
		BAF5310722C74790005809C3 /* Resources */ = {
			isa = PBXResourcesBuildPhase;
			buildActionMask = 2147483647;
			files = (
				03DA0B7422D88605002B600E /* Athelas-Regular.ttf in Resources */,
				03DA0B7522D88605002B600E /* NanumBarunGothicUltraLight.otf in Resources */,
				EF432FB622C79EF900786CFD /* Recipe.storyboard in Resources */,
				EF432FB822C79F0700786CFD /* Main.storyboard in Resources */,
				03DA0B7622D88605002B600E /* NanumBarunGothicBold.otf in Resources */,
				03DA0B7C22D887F7002B600E /* Color.xcassets in Resources */,
				03DA0B7722D88605002B600E /* NanumBarunGothic.otf in Resources */,
				03DA0B7822D88605002B600E /* Athelas-Italic.ttf in Resources */,
				EF432FBA22C79F3500786CFD /* MixRecipe.storyboard in Resources */,
				03DA0B7322D88605002B600E /* Athelas-BoldItalic.ttf in Resources */,
				03739186231CC0DA004639C9 /* Localizable.strings in Resources */,
				03DA0B7A22D88605002B600E /* NanumBarunGothicLight.otf in Resources */,
				BAF5311722C74791005809C3 /* LaunchScreen.storyboard in Resources */,
				BAF5311422C74791005809C3 /* Assets.xcassets in Resources */,
				03DA0B7922D88605002B600E /* Athelas-Bold.ttf in Resources */,
			);
			runOnlyForDeploymentPostprocessing = 0;
		};
		BAF5311B22C74791005809C3 /* Resources */ = {
			isa = PBXResourcesBuildPhase;
			buildActionMask = 2147483647;
			files = (
			);
			runOnlyForDeploymentPostprocessing = 0;
		};
/* End PBXResourcesBuildPhase section */

/* Begin PBXShellScriptBuildPhase section */
		1C8682FB91109CE9044CDCE4 /* [CP] Check Pods Manifest.lock */ = {
			isa = PBXShellScriptBuildPhase;
			buildActionMask = 2147483647;
			files = (
			);
			inputFileListPaths = (
			);
			inputPaths = (
				"${PODS_PODFILE_DIR_PATH}/Podfile.lock",
				"${PODS_ROOT}/Manifest.lock",
			);
			name = "[CP] Check Pods Manifest.lock";
			outputFileListPaths = (
			);
			outputPaths = (
				"$(DERIVED_FILE_DIR)/Pods-allnight-ios-checkManifestLockResult.txt",
			);
			runOnlyForDeploymentPostprocessing = 0;
			shellPath = /bin/sh;
			shellScript = "diff \"${PODS_PODFILE_DIR_PATH}/Podfile.lock\" \"${PODS_ROOT}/Manifest.lock\" > /dev/null\nif [ $? != 0 ] ; then\n    # print error to STDERR\n    echo \"error: The sandbox is not in sync with the Podfile.lock. Run 'pod install' or update your CocoaPods installation.\" >&2\n    exit 1\nfi\n# This output is used by Xcode 'outputs' to avoid re-running this script phase.\necho \"SUCCESS\" > \"${SCRIPT_OUTPUT_FILE_0}\"\n";
			showEnvVarsInLog = 0;
		};
		61D62BA57E5B4AC190DC0665 /* [CP] Check Pods Manifest.lock */ = {
			isa = PBXShellScriptBuildPhase;
			buildActionMask = 2147483647;
			files = (
			);
			inputFileListPaths = (
			);
			inputPaths = (
				"${PODS_PODFILE_DIR_PATH}/Podfile.lock",
				"${PODS_ROOT}/Manifest.lock",
			);
			name = "[CP] Check Pods Manifest.lock";
			outputFileListPaths = (
			);
			outputPaths = (
				"$(DERIVED_FILE_DIR)/Pods-allnight-iosTests-checkManifestLockResult.txt",
			);
			runOnlyForDeploymentPostprocessing = 0;
			shellPath = /bin/sh;
			shellScript = "diff \"${PODS_PODFILE_DIR_PATH}/Podfile.lock\" \"${PODS_ROOT}/Manifest.lock\" > /dev/null\nif [ $? != 0 ] ; then\n    # print error to STDERR\n    echo \"error: The sandbox is not in sync with the Podfile.lock. Run 'pod install' or update your CocoaPods installation.\" >&2\n    exit 1\nfi\n# This output is used by Xcode 'outputs' to avoid re-running this script phase.\necho \"SUCCESS\" > \"${SCRIPT_OUTPUT_FILE_0}\"\n";
			showEnvVarsInLog = 0;
		};
		A7D4B393C098853D7D577BCA /* [CP] Embed Pods Frameworks */ = {
			isa = PBXShellScriptBuildPhase;
			buildActionMask = 2147483647;
			files = (
			);
			inputFileListPaths = (
				"${PODS_ROOT}/Target Support Files/Pods-allnight-ios/Pods-allnight-ios-frameworks-${CONFIGURATION}-input-files.xcfilelist",
			);
			name = "[CP] Embed Pods Frameworks";
			outputFileListPaths = (
				"${PODS_ROOT}/Target Support Files/Pods-allnight-ios/Pods-allnight-ios-frameworks-${CONFIGURATION}-output-files.xcfilelist",
			);
			runOnlyForDeploymentPostprocessing = 0;
			shellPath = /bin/sh;
			shellScript = "\"${PODS_ROOT}/Target Support Files/Pods-allnight-ios/Pods-allnight-ios-frameworks.sh\"\n";
			showEnvVarsInLog = 0;
		};
		BA279DCA22C78342004CA0F6 /* SwiftLint */ = {
			isa = PBXShellScriptBuildPhase;
			buildActionMask = 2147483647;
			files = (
			);
			inputFileListPaths = (
			);
			inputPaths = (
			);
			name = SwiftLint;
			outputFileListPaths = (
			);
			outputPaths = (
			);
			runOnlyForDeploymentPostprocessing = 0;
			shellPath = /bin/sh;
			shellScript = "${PODS_ROOT}/SwiftLint/swiftlint autocorrect\n";
		};
/* End PBXShellScriptBuildPhase section */

/* Begin PBXSourcesBuildPhase section */
		BAF5310522C74790005809C3 /* Sources */ = {
			isa = PBXSourcesBuildPhase;
			buildActionMask = 2147483647;
			files = (
				BEA241C622E3FE0A002F53B8 /* RecipeCollectionViewCell.swift in Sources */,
				030CB99122D822860056D36D /* RecipeRowTableViewCell.swift in Sources */,
				03739183231CC059004639C9 /* String.swift in Sources */,
				BA96F3E922CFA23400AC27CC /* AllNightAPI.swift in Sources */,
				BAF5310D22C74790005809C3 /* AppDelegate.swift in Sources */,
				88F5F91722D3184F00A1ADEA /* MainCollectionViewCell.swift in Sources */,
				BA279DD022C7866B004CA0F6 /* UITableView+reusableCell.swift in Sources */,
				BA279DD222C78773004CA0F6 /* UICollectionView+reusableCell.swift in Sources */,
				BEC0B075230DEC0600975DD1 /* MixRecipeViewConfig.swift in Sources */,
				BA96F3EB22CFABC400AC27CC /* SearchService.swift in Sources */,
				BEA241CA22E42768002F53B8 /* RadioButton.swift in Sources */,
				8892846F2305CFDA00B8FBDF /* SearchTableViewCell.swift in Sources */,
				8884B2FA22D849FE000276BB /* SlideInTransition.swift in Sources */,
				BA96F3EF22CFB3B400AC27CC /* Moya+Decode.swift in Sources */,
				BAF5313122C74D2A005809C3 /* Networking.swift in Sources */,
				BEC0B073230DE9B300975DD1 /* MixRecipeCollectionViewLayoutLookUpTable.swift in Sources */,
				BA279DBD22C77CB9004CA0F6 /* MixRecipeViewController.swift in Sources */,
				BA96F3F122CFB68100AC27CC /* Cocktail.swift in Sources */,
				03739181231CB5CE004639C9 /* LanguageManger.swift in Sources */,
				88321639230671EB0057232A /* AllNightProvider.swift in Sources */,
				BAF5313322C754AE005809C3 /* main.swift in Sources */,
				031A231B230FE68600F26460 /* GradientView.swift in Sources */,
				030CB98F22D814CE0056D36D /* DetailInformationTableViewCell.swift in Sources */,
				BA9932F122C7CC5500E4BFA8 /* UIColor+AllNight.swift in Sources */,
				BA279DBB22C77C8C004CA0F6 /* MainViewController.swift in Sources */,
				8892846623059AB500B8FBDF /* MainCollectionReusableHeaderView.swift in Sources */,
				88113EC6230A8A60000C37BA /* CocktailManager.swift in Sources */,
				8884B2F822D843EE000276BB /* SideMenuTableViewCell.swift in Sources */,
				88113EBB23097BF8000C37BA /* SearchBucketTableViewCell.swift in Sources */,
				889284692305BF9E00B8FBDF /* SearchViewController.swift in Sources */,
				BA96F3ED22CFABCE00AC27CC /* ScrapService.swift in Sources */,
				BEA241C822E41350002F53B8 /* FilterPopupView.swift in Sources */,
				BA279DC522C77D2C004CA0F6 /* RecipeViewController.swift in Sources */,
				88113EC3230A7FFB000C37BA /* SearchBucketViewController.swift in Sources */,
				8884B2F622D83F1A000276BB /* SideMenuViewController.swift in Sources */,
				BA279DCC22C78611004CA0F6 /* Recipe.swift in Sources */,
				BAE900CA22E2C16400B30C77 /* CocktailDetail.swift in Sources */,
			);
			runOnlyForDeploymentPostprocessing = 0;
		};
		BAF5311922C74791005809C3 /* Sources */ = {
			isa = PBXSourcesBuildPhase;
			buildActionMask = 2147483647;
			files = (
				BAF5313522C754F5005809C3 /* StubAppDelegate.swift in Sources */,
			);
			runOnlyForDeploymentPostprocessing = 0;
		};
/* End PBXSourcesBuildPhase section */

/* Begin PBXTargetDependency section */
		BAF5311F22C74791005809C3 /* PBXTargetDependency */ = {
			isa = PBXTargetDependency;
			target = BAF5310822C74790005809C3 /* allnight-ios */;
			targetProxy = BAF5311E22C74791005809C3 /* PBXContainerItemProxy */;
		};
/* End PBXTargetDependency section */

/* Begin PBXVariantGroup section */
		03739188231CC0DA004639C9 /* Localizable.strings */ = {
			isa = PBXVariantGroup;
			children = (
				03739187231CC0DA004639C9 /* en */,
				0373918A231CC117004639C9 /* ko */,
			);
			name = Localizable.strings;
			sourceTree = "<group>";
		};
		BAF5311522C74791005809C3 /* LaunchScreen.storyboard */ = {
			isa = PBXVariantGroup;
			children = (
				BAF5311622C74791005809C3 /* Base */,
				03739189231CC117004639C9 /* ko */,
			);
			name = LaunchScreen.storyboard;
			sourceTree = "<group>";
		};
/* End PBXVariantGroup section */

/* Begin XCBuildConfiguration section */
		BAF5312422C74791005809C3 /* Debug */ = {
			isa = XCBuildConfiguration;
			buildSettings = {
				ALWAYS_SEARCH_USER_PATHS = NO;
				CLANG_ANALYZER_LOCALIZABILITY_NONLOCALIZED = YES;
				CLANG_ANALYZER_NONNULL = YES;
				CLANG_ANALYZER_NUMBER_OBJECT_CONVERSION = YES_AGGRESSIVE;
				CLANG_CXX_LANGUAGE_STANDARD = "gnu++14";
				CLANG_CXX_LIBRARY = "libc++";
				CLANG_ENABLE_MODULES = YES;
				CLANG_ENABLE_OBJC_ARC = YES;
				CLANG_ENABLE_OBJC_WEAK = YES;
				CLANG_WARN_BLOCK_CAPTURE_AUTORELEASING = YES;
				CLANG_WARN_BOOL_CONVERSION = YES;
				CLANG_WARN_COMMA = YES;
				CLANG_WARN_CONSTANT_CONVERSION = YES;
				CLANG_WARN_DEPRECATED_OBJC_IMPLEMENTATIONS = YES;
				CLANG_WARN_DIRECT_OBJC_ISA_USAGE = YES_ERROR;
				CLANG_WARN_DOCUMENTATION_COMMENTS = YES;
				CLANG_WARN_EMPTY_BODY = YES;
				CLANG_WARN_ENUM_CONVERSION = YES;
				CLANG_WARN_INFINITE_RECURSION = YES;
				CLANG_WARN_INT_CONVERSION = YES;
				CLANG_WARN_NON_LITERAL_NULL_CONVERSION = YES;
				CLANG_WARN_OBJC_IMPLICIT_RETAIN_SELF = YES;
				CLANG_WARN_OBJC_LITERAL_CONVERSION = YES;
				CLANG_WARN_OBJC_ROOT_CLASS = YES_ERROR;
				CLANG_WARN_RANGE_LOOP_ANALYSIS = YES;
				CLANG_WARN_STRICT_PROTOTYPES = YES;
				CLANG_WARN_SUSPICIOUS_MOVE = YES;
				CLANG_WARN_UNGUARDED_AVAILABILITY = YES_AGGRESSIVE;
				CLANG_WARN_UNREACHABLE_CODE = YES;
				CLANG_WARN__DUPLICATE_METHOD_MATCH = YES;
				CODE_SIGN_IDENTITY = "iPhone Developer";
				COPY_PHASE_STRIP = NO;
				DEBUG_INFORMATION_FORMAT = dwarf;
				ENABLE_STRICT_OBJC_MSGSEND = YES;
				ENABLE_TESTABILITY = YES;
				GCC_C_LANGUAGE_STANDARD = gnu11;
				GCC_DYNAMIC_NO_PIC = NO;
				GCC_NO_COMMON_BLOCKS = YES;
				GCC_OPTIMIZATION_LEVEL = 0;
				GCC_PREPROCESSOR_DEFINITIONS = (
					"DEBUG=1",
					"$(inherited)",
				);
				GCC_WARN_64_TO_32_BIT_CONVERSION = YES;
				GCC_WARN_ABOUT_RETURN_TYPE = YES_ERROR;
				GCC_WARN_UNDECLARED_SELECTOR = YES;
				GCC_WARN_UNINITIALIZED_AUTOS = YES_AGGRESSIVE;
				GCC_WARN_UNUSED_FUNCTION = YES;
				GCC_WARN_UNUSED_VARIABLE = YES;
				IPHONEOS_DEPLOYMENT_TARGET = 12.2;
				MTL_ENABLE_DEBUG_INFO = INCLUDE_SOURCE;
				MTL_FAST_MATH = YES;
				ONLY_ACTIVE_ARCH = YES;
				SDKROOT = iphoneos;
				SWIFT_ACTIVE_COMPILATION_CONDITIONS = DEBUG;
				SWIFT_OPTIMIZATION_LEVEL = "-Onone";
			};
			name = Debug;
		};
		BAF5312522C74791005809C3 /* Release */ = {
			isa = XCBuildConfiguration;
			buildSettings = {
				ALWAYS_SEARCH_USER_PATHS = NO;
				CLANG_ANALYZER_LOCALIZABILITY_NONLOCALIZED = YES;
				CLANG_ANALYZER_NONNULL = YES;
				CLANG_ANALYZER_NUMBER_OBJECT_CONVERSION = YES_AGGRESSIVE;
				CLANG_CXX_LANGUAGE_STANDARD = "gnu++14";
				CLANG_CXX_LIBRARY = "libc++";
				CLANG_ENABLE_MODULES = YES;
				CLANG_ENABLE_OBJC_ARC = YES;
				CLANG_ENABLE_OBJC_WEAK = YES;
				CLANG_WARN_BLOCK_CAPTURE_AUTORELEASING = YES;
				CLANG_WARN_BOOL_CONVERSION = YES;
				CLANG_WARN_COMMA = YES;
				CLANG_WARN_CONSTANT_CONVERSION = YES;
				CLANG_WARN_DEPRECATED_OBJC_IMPLEMENTATIONS = YES;
				CLANG_WARN_DIRECT_OBJC_ISA_USAGE = YES_ERROR;
				CLANG_WARN_DOCUMENTATION_COMMENTS = YES;
				CLANG_WARN_EMPTY_BODY = YES;
				CLANG_WARN_ENUM_CONVERSION = YES;
				CLANG_WARN_INFINITE_RECURSION = YES;
				CLANG_WARN_INT_CONVERSION = YES;
				CLANG_WARN_NON_LITERAL_NULL_CONVERSION = YES;
				CLANG_WARN_OBJC_IMPLICIT_RETAIN_SELF = YES;
				CLANG_WARN_OBJC_LITERAL_CONVERSION = YES;
				CLANG_WARN_OBJC_ROOT_CLASS = YES_ERROR;
				CLANG_WARN_RANGE_LOOP_ANALYSIS = YES;
				CLANG_WARN_STRICT_PROTOTYPES = YES;
				CLANG_WARN_SUSPICIOUS_MOVE = YES;
				CLANG_WARN_UNGUARDED_AVAILABILITY = YES_AGGRESSIVE;
				CLANG_WARN_UNREACHABLE_CODE = YES;
				CLANG_WARN__DUPLICATE_METHOD_MATCH = YES;
				CODE_SIGN_IDENTITY = "iPhone Developer";
				COPY_PHASE_STRIP = NO;
				DEBUG_INFORMATION_FORMAT = "dwarf-with-dsym";
				ENABLE_NS_ASSERTIONS = NO;
				ENABLE_STRICT_OBJC_MSGSEND = YES;
				GCC_C_LANGUAGE_STANDARD = gnu11;
				GCC_NO_COMMON_BLOCKS = YES;
				GCC_WARN_64_TO_32_BIT_CONVERSION = YES;
				GCC_WARN_ABOUT_RETURN_TYPE = YES_ERROR;
				GCC_WARN_UNDECLARED_SELECTOR = YES;
				GCC_WARN_UNINITIALIZED_AUTOS = YES_AGGRESSIVE;
				GCC_WARN_UNUSED_FUNCTION = YES;
				GCC_WARN_UNUSED_VARIABLE = YES;
				IPHONEOS_DEPLOYMENT_TARGET = 12.2;
				MTL_ENABLE_DEBUG_INFO = NO;
				MTL_FAST_MATH = YES;
				SDKROOT = iphoneos;
				SWIFT_COMPILATION_MODE = wholemodule;
				SWIFT_OPTIMIZATION_LEVEL = "-O";
				VALIDATE_PRODUCT = YES;
			};
			name = Release;
		};
		BAF5312722C74791005809C3 /* Debug */ = {
			isa = XCBuildConfiguration;
			baseConfigurationReference = 9863CC7D48E4882F0937B556 /* Pods-allnight-ios.debug.xcconfig */;
			buildSettings = {
				ASSETCATALOG_COMPILER_APPICON_NAME = AppIcon;
				CODE_SIGN_IDENTITY = "iPhone Developer";
				CODE_SIGN_STYLE = Automatic;
				DEVELOPMENT_TEAM = "";
				INFOPLIST_FILE = "$(SRCROOT)/allnight-ios/SupportingFiles/Info.plist";
				IPHONEOS_DEPLOYMENT_TARGET = 11.0;
				LD_RUNPATH_SEARCH_PATHS = (
					"$(inherited)",
					"@executable_path/Frameworks",
				);
				PRODUCT_BUNDLE_IDENTIFIER = com.kanghoon.allnight;
				PRODUCT_NAME = "$(TARGET_NAME)";
				PROVISIONING_PROFILE_SPECIFIER = "";
				SWIFT_VERSION = 5.0;
				TARGETED_DEVICE_FAMILY = 1;
			};
			name = Debug;
		};
		BAF5312822C74791005809C3 /* Release */ = {
			isa = XCBuildConfiguration;
			baseConfigurationReference = D5551A6BDE1AECA521612616 /* Pods-allnight-ios.release.xcconfig */;
			buildSettings = {
				ASSETCATALOG_COMPILER_APPICON_NAME = AppIcon;
				CODE_SIGN_IDENTITY = "iPhone Developer";
				CODE_SIGN_STYLE = Automatic;
				DEVELOPMENT_TEAM = "";
				INFOPLIST_FILE = "$(SRCROOT)/allnight-ios/SupportingFiles/Info.plist";
				IPHONEOS_DEPLOYMENT_TARGET = 11.0;
				LD_RUNPATH_SEARCH_PATHS = (
					"$(inherited)",
					"@executable_path/Frameworks",
				);
				PRODUCT_BUNDLE_IDENTIFIER = com.kanghoon.allnight;
				PRODUCT_NAME = "$(TARGET_NAME)";
				PROVISIONING_PROFILE_SPECIFIER = "";
				SWIFT_VERSION = 5.0;
				TARGETED_DEVICE_FAMILY = 1;
			};
			name = Release;
		};
		BAF5312A22C74791005809C3 /* Debug */ = {
			isa = XCBuildConfiguration;
			baseConfigurationReference = B769DC6C116C639C0398BEA7 /* Pods-allnight-iosTests.debug.xcconfig */;
			buildSettings = {
				ALWAYS_EMBED_SWIFT_STANDARD_LIBRARIES = YES;
				BUNDLE_LOADER = "$(TEST_HOST)";
				CODE_SIGN_STYLE = Automatic;
				DEVELOPMENT_TEAM = "";
				INFOPLIST_FILE = "allnight-iosTests/SupportingFiles/Info.plist";
				LD_RUNPATH_SEARCH_PATHS = (
					"$(inherited)",
					"@executable_path/Frameworks",
					"@loader_path/Frameworks",
				);
				PRODUCT_BUNDLE_IDENTIFIER = "com.kanghoon.allnight-iosTests";
				PRODUCT_NAME = "$(TARGET_NAME)";
				SWIFT_VERSION = 5.0;
				TARGETED_DEVICE_FAMILY = "1,2";
				TEST_HOST = "$(BUILT_PRODUCTS_DIR)/allnight-ios.app/allnight-ios";
			};
			name = Debug;
		};
		BAF5312B22C74791005809C3 /* Release */ = {
			isa = XCBuildConfiguration;
			baseConfigurationReference = 664333E9A67EAADDFF17CFBF /* Pods-allnight-iosTests.release.xcconfig */;
			buildSettings = {
				ALWAYS_EMBED_SWIFT_STANDARD_LIBRARIES = YES;
				BUNDLE_LOADER = "$(TEST_HOST)";
				CODE_SIGN_STYLE = Automatic;
				DEVELOPMENT_TEAM = "";
				INFOPLIST_FILE = "allnight-iosTests/SupportingFiles/Info.plist";
				LD_RUNPATH_SEARCH_PATHS = (
					"$(inherited)",
					"@executable_path/Frameworks",
					"@loader_path/Frameworks",
				);
				PRODUCT_BUNDLE_IDENTIFIER = "com.kanghoon.allnight-iosTests";
				PRODUCT_NAME = "$(TARGET_NAME)";
				SWIFT_VERSION = 5.0;
				TARGETED_DEVICE_FAMILY = "1,2";
				TEST_HOST = "$(BUILT_PRODUCTS_DIR)/allnight-ios.app/allnight-ios";
			};
			name = Release;
		};
/* End XCBuildConfiguration section */

/* Begin XCConfigurationList section */
		BAF5310422C74790005809C3 /* Build configuration list for PBXProject "allnight-ios" */ = {
			isa = XCConfigurationList;
			buildConfigurations = (
				BAF5312422C74791005809C3 /* Debug */,
				BAF5312522C74791005809C3 /* Release */,
			);
			defaultConfigurationIsVisible = 0;
			defaultConfigurationName = Release;
		};
		BAF5312622C74791005809C3 /* Build configuration list for PBXNativeTarget "allnight-ios" */ = {
			isa = XCConfigurationList;
			buildConfigurations = (
				BAF5312722C74791005809C3 /* Debug */,
				BAF5312822C74791005809C3 /* Release */,
			);
			defaultConfigurationIsVisible = 0;
			defaultConfigurationName = Release;
		};
		BAF5312922C74791005809C3 /* Build configuration list for PBXNativeTarget "allnight-iosTests" */ = {
			isa = XCConfigurationList;
			buildConfigurations = (
				BAF5312A22C74791005809C3 /* Debug */,
				BAF5312B22C74791005809C3 /* Release */,
			);
			defaultConfigurationIsVisible = 0;
			defaultConfigurationName = Release;
		};
/* End XCConfigurationList section */
	};
	rootObject = BAF5310122C74790005809C3 /* Project object */;
}
