PODS:
  - Alamofire (4.8.2)
  - Kingfisher (5.6.0)
  - Moya (13.0.1):
    - Moya/Core (= 13.0.1)
  - Moya/Core (13.0.1):
    - Alamofire (~> 4.1)
    - Result (~> 4.1)
  - Result (4.1.0)
  - SwiftLint (0.33.0)
  - SwiftyBeaver (1.7.0)

DEPENDENCIES:
  - Kingfisher
  - Moya
  - SwiftLint
  - SwiftyBeaver

SPEC REPOS:
  trunk:
    - Alamofire
    - Kingfisher
    - Moya
    - Result
    - SwiftLint
    - SwiftyBeaver

SPEC CHECKSUMS:
  Alamofire: ae5c501addb7afdbb13687d7f2f722c78734c2d3
  Kingfisher: 1a50df6880a60bae26f3e21a0df3d17b892f5e0b
  Moya: f4a4b80ff2f8a4ffc208dfb31cd91636622fee6e
  Result: bd966fac789cc6c1563440b348ab2598cc24d5c7
  SwiftLint: fed9c66336e41fc74dc48a73678380718f0c8b0e
  SwiftyBeaver: 4cc0080d2e23f980652e28978db11a5c9da39165

PODFILE CHECKSUM: ce07d1ea75bc01563cee9d1e9d2cda171449fa5b

COCOAPODS: 1.8.4
